Microsoft Visual Studio Solution File, Format Version 12.00
# Visual Studio Version 17
VisualStudioVersion = 17.5.2.0
MinimumVisualStudioVersion = 10.0.40219.1
Project("{FAE04EC0-301F-11D3-BF4B-00C04F79EFBC}") = "MovieEditor.Client", "MovieEditor.Client\MovieEditor.Client.csproj", "{5BCC20F3-288D-E603-369E-1921E0FCDC24}"
EndProject
Global
	GlobalSection(SolutionConfigurationPlatforms) = preSolution
		Debug|Any CPU = Debug|Any CPU
		Release|Any CPU = Release|Any CPU
	EndGlobalSection
	GlobalSection(ProjectConfigurationPlatforms) = postSolution
		{5BCC20F3-288D-E603-369E-1921E0FCDC24}.Debug|Any CPU.ActiveCfg = Debug|Any CPU
		{5BCC20F3-288D-E603-369E-1921E0FCDC24}.Debug|Any CPU.Build.0 = Debug|Any CPU
		{5BCC20F3-288D-E603-369E-1921E0FCDC24}.Release|Any CPU.ActiveCfg = Release|Any CPU
		{5BCC20F3-288D-E603-369E-1921E0FCDC24}.Release|Any CPU.Build.0 = Release|Any CPU
	EndGlobalSection
	GlobalSection(SolutionProperties) = preSolution
		HideSolutionNode = FALSE
	EndGlobalSection
	GlobalSection(ExtensibilityGlobals) = postSolution
		SolutionGuid = {93D94DED-5613-4262-A3CA-016EDD8B6DBA}
	EndGlobalSection
EndGlobal
